// !$*UTF8*$!
{
	archiveVersion = 1;
	classes = {
	};
	objectVersion = 46;
	objects = {

/* Begin PBXBuildFile section */
		399779691D522EFE006249C4 /* AppDelegate.swift in Sources */ = {isa = PBXBuildFile; fileRef = 399779681D522EFE006249C4 /* AppDelegate.swift */; };
		3997796B1D522EFE006249C4 /* Assets.xcassets in Resources */ = {isa = PBXBuildFile; fileRef = 3997796A1D522EFE006249C4 /* Assets.xcassets */; };
		3997796E1D522EFE006249C4 /* MainMenu.xib in Resources */ = {isa = PBXBuildFile; fileRef = 3997796C1D522EFE006249C4 /* MainMenu.xib */; };
		399779771D522F3D006249C4 /* MainWindowController.swift in Sources */ = {isa = PBXBuildFile; fileRef = 399779751D522F3D006249C4 /* MainWindowController.swift */; };
		399779781D522F3D006249C4 /* MainWindowController.xib in Resources */ = {isa = PBXBuildFile; fileRef = 399779761D522F3D006249C4 /* MainWindowController.xib */; };
		3997797A1D522FD4006249C4 /* Course.swift in Sources */ = {isa = PBXBuildFile; fileRef = 399779791D522FD4006249C4 /* Course.swift */; };
		3997797C1D5234C5006249C4 /* ScheduleFetcher.swift in Sources */ = {isa = PBXBuildFile; fileRef = 3997797B1D5234C5006249C4 /* ScheduleFetcher.swift */; };
/* End PBXBuildFile section */

/* Begin PBXFileReference section */
		399779651D522EFE006249C4 /* RanchForecast.app */ = {isa = PBXFileReference; explicitFileType = wrapper.application; includeInIndex = 0; path = RanchForecast.app; sourceTree = BUILT_PRODUCTS_DIR; };
		399779681D522EFE006249C4 /* AppDelegate.swift */ = {isa = PBXFileReference; lastKnownFileType = sourcecode.swift; path = AppDelegate.swift; sourceTree = "<group>"; };
		3997796A1D522EFE006249C4 /* Assets.xcassets */ = {isa = PBXFileReference; lastKnownFileType = folder.assetcatalog; path = Assets.xcassets; sourceTree = "<group>"; };
		3997796D1D522EFE006249C4 /* Base */ = {isa = PBXFileReference; lastKnownFileType = file.xib; name = Base; path = Base.lproj/MainMenu.xib; sourceTree = "<group>"; };
		3997796F1D522EFE006249C4 /* Info.plist */ = {isa = PBXFileReference; lastKnownFileType = text.plist.xml; path = Info.plist; sourceTree = "<group>"; };
		399779751D522F3D006249C4 /* MainWindowController.swift */ = {isa = PBXFileReference; fileEncoding = 4; lastKnownFileType = sourcecode.swift; path = MainWindowController.swift; sourceTree = "<group>"; };
		399779761D522F3D006249C4 /* MainWindowController.xib */ = {isa = PBXFileReference; fileEncoding = 4; lastKnownFileType = file.xib; path = MainWindowController.xib; sourceTree = "<group>"; };
		399779791D522FD4006249C4 /* Course.swift */ = {isa = PBXFileReference; fileEncoding = 4; lastKnownFileType = sourcecode.swift; path = Course.swift; sourceTree = "<group>"; };
		3997797B1D5234C5006249C4 /* ScheduleFetcher.swift */ = {isa = PBXFileReference; fileEncoding = 4; lastKnownFileType = sourcecode.swift; path = ScheduleFetcher.swift; sourceTree = "<group>"; };
/* End PBXFileReference section */

/* Begin PBXFrameworksBuildPhase section */
		399779621D522EFE006249C4 /* Frameworks */ = {
			isa = PBXFrameworksBuildPhase;
			buildActionMask = 2147483647;
			files = (
			);
			runOnlyForDeploymentPostprocessing = 0;
		};
/* End PBXFrameworksBuildPhase section */

/* Begin PBXGroup section */
		3997795C1D522EFE006249C4 = {
			isa = PBXGroup;
			children = (
				399779671D522EFE006249C4 /* RanchForecast */,
				399779661D522EFE006249C4 /* Products */,
			);
			sourceTree = "<group>";
		};
		399779661D522EFE006249C4 /* Products */ = {
			isa = PBXGroup;
			children = (
				399779651D522EFE006249C4 /* RanchForecast.app */,
			);
			name = Products;
			sourceTree = "<group>";
		};
		399779671D522EFE006249C4 /* RanchForecast */ = {
			isa = PBXGroup;
			children = (
				399779681D522EFE006249C4 /* AppDelegate.swift */,
				399779751D522F3D006249C4 /* MainWindowController.swift */,
				399779761D522F3D006249C4 /* MainWindowController.xib */,
				399779791D522FD4006249C4 /* Course.swift */,
				3997797B1D5234C5006249C4 /* ScheduleFetcher.swift */,
				3997796A1D522EFE006249C4 /* Assets.xcassets */,
				3997796C1D522EFE006249C4 /* MainMenu.xib */,
				3997796F1D522EFE006249C4 /* Info.plist */,
			);
			path = RanchForecast;
			sourceTree = "<group>";
		};
/* End PBXGroup section */

/* Begin PBXNativeTarget section */
		399779641D522EFE006249C4 /* RanchForecast */ = {
			isa = PBXNativeTarget;
			buildConfigurationList = 399779721D522EFE006249C4 /* Build configuration list for PBXNativeTarget "RanchForecast" */;
			buildPhases = (
				399779611D522EFE006249C4 /* Sources */,
				399779621D522EFE006249C4 /* Frameworks */,
				399779631D522EFE006249C4 /* Resources */,
			);
			buildRules = (
			);
			dependencies = (
			);
			name = RanchForecast;
			productName = RanchForecast;
			productReference = 399779651D522EFE006249C4 /* RanchForecast.app */;
			productType = "com.apple.product-type.application";
		};
/* End PBXNativeTarget section */

/* Begin PBXProject section */
		3997795D1D522EFE006249C4 /* Project object */ = {
			isa = PBXProject;
			attributes = {
				LastSwiftUpdateCheck = 0730;
				LastUpgradeCheck = 0730;
				ORGANIZATIONNAME = "Edward Loveall";
				TargetAttributes = {
					399779641D522EFE006249C4 = {
						CreatedOnToolsVersion = 7.3;
					};
				};
			};
			buildConfigurationList = 399779601D522EFE006249C4 /* Build configuration list for PBXProject "RanchForecast" */;
			compatibilityVersion = "Xcode 3.2";
			developmentRegion = English;
			hasScannedForEncodings = 0;
			knownRegions = (
				en,
				Base,
			);
			mainGroup = 3997795C1D522EFE006249C4;
			productRefGroup = 399779661D522EFE006249C4 /* Products */;
			projectDirPath = "";
			projectRoot = "";
			targets = (
				399779641D522EFE006249C4 /* RanchForecast */,
			);
		};
/* End PBXProject section */

/* Begin PBXResourcesBuildPhase section */
		399779631D522EFE006249C4 /* Resources */ = {
			isa = PBXResourcesBuildPhase;
			buildActionMask = 2147483647;
			files = (
				3997796B1D522EFE006249C4 /* Assets.xcassets in Resources */,
				399779781D522F3D006249C4 /* MainWindowController.xib in Resources */,
				3997796E1D522EFE006249C4 /* MainMenu.xib in Resources */,
			);
			runOnlyForDeploymentPostprocessing = 0;
		};
/* End PBXResourcesBuildPhase section */

/* Begin PBXSourcesBuildPhase section */
		399779611D522EFE006249C4 /* Sources */ = {
			isa = PBXSourcesBuildPhase;
			buildActionMask = 2147483647;
			files = (
				3997797A1D522FD4006249C4 /* Course.swift in Sources */,
				399779771D522F3D006249C4 /* MainWindowController.swift in Sources */,
				3997797C1D5234C5006249C4 /* ScheduleFetcher.swift in Sources */,
				399779691D522EFE006249C4 /* AppDelegate.swift in Sources */,
			);
			runOnlyForDeploymentPostprocessing = 0;
		};
/* End PBXSourcesBuildPhase section */

/* Begin PBXVariantGroup section */
		3997796C1D522EFE006249C4 /* MainMenu.xib */ = {
			isa = PBXVariantGroup;
			children = (
				3997796D1D522EFE006249C4 /* Base */,
			);
			name = MainMenu.xib;
			sourceTree = "<group>";
		};
/* End PBXVariantGroup section */

/* Begin XCBuildConfiguration section */
		399779701D522EFE006249C4 /* Debug */ = {
			isa = XCBuildConfiguration;
			buildSettings = {
				ALWAYS_SEARCH_USER_PATHS = NO;
				CLANG_ANALYZER_NONNULL = YES;
				CLANG_CXX_LANGUAGE_STANDARD = "gnu++0x";
				CLANG_CXX_LIBRARY = "libc++";
				CLANG_ENABLE_MODULES = YES;
				CLANG_ENABLE_OBJC_ARC = YES;
				CLANG_WARN_BOOL_CONVERSION = YES;
				CLANG_WARN_CONSTANT_CONVERSION = YES;
				CLANG_WARN_DIRECT_OBJC_ISA_USAGE = YES_ERROR;
				CLANG_WARN_EMPTY_BODY = YES;
				CLANG_WARN_ENUM_CONVERSION = YES;
				CLANG_WARN_INT_CONVERSION = YES;
				CLANG_WARN_OBJC_ROOT_CLASS = YES_ERROR;
				CLANG_WARN_UNREACHABLE_CODE = YES;
				CLANG_WARN__DUPLICATE_METHOD_MATCH = YES;
				CODE_SIGN_IDENTITY = "-";
				COPY_PHASE_STRIP = NO;
				DEBUG_INFORMATION_FORMAT = dwarf;
				ENABLE_STRICT_OBJC_MSGSEND = YES;
				ENABLE_TESTABILITY = YES;
				GCC_C_LANGUAGE_STANDARD = gnu99;
				GCC_DYNAMIC_NO_PIC = NO;
				GCC_NO_COMMON_BLOCKS = YES;
				GCC_OPTIMIZATION_LEVEL = 0;
				GCC_PREPROCESSOR_DEFINITIONS = (
					"DEBUG=1",
					"$(inherited)",
				);
				GCC_WARN_64_TO_32_BIT_CONVERSION = YES;
				GCC_WARN_ABOUT_RETURN_TYPE = YES_ERROR;
				GCC_WARN_UNDECLARED_SELECTOR = YES;
				GCC_WARN_UNINITIALIZED_AUTOS = YES_AGGRESSIVE;
				GCC_WARN_UNUSED_FUNCTION = YES;
				GCC_WARN_UNUSED_VARIABLE = YES;
				MACOSX_DEPLOYMENT_TARGET = 10.11;
				MTL_ENABLE_DEBUG_INFO = YES;
				ONLY_ACTIVE_ARCH = YES;
				SDKROOT = macosx;
				SWIFT_OPTIMIZATION_LEVEL = "-Onone";
			};
			name = Debug;
		};
		399779711D522EFE006249C4 /* Release */ = {
			isa = XCBuildConfiguration;
			buildSettings = {
				ALWAYS_SEARCH_USER_PATHS = NO;
				CLANG_ANALYZER_NONNULL = YES;
				CLANG_CXX_LANGUAGE_STANDARD = "gnu++0x";
				CLANG_CXX_LIBRARY = "libc++";
				CLANG_ENABLE_MODULES = YES;
				CLANG_ENABLE_OBJC_ARC = YES;
				CLANG_WARN_BOOL_CONVERSION = YES;
				CLANG_WARN_CONSTANT_CONVERSION = YES;
				CLANG_WARN_DIRECT_OBJC_ISA_USAGE = YES_ERROR;
				CLANG_WARN_EMPTY_BODY = YES;
				CLANG_WARN_ENUM_CONVERSION = YES;
				CLANG_WARN_INT_CONVERSION = YES;
				CLANG_WARN_OBJC_ROOT_CLASS = YES_ERROR;
				CLANG_WARN_UNREACHABLE_CODE = YES;
				CLANG_WARN__DUPLICATE_METHOD_MATCH = YES;
				CODE_SIGN_IDENTITY = "-";
				COPY_PHASE_STRIP = NO;
				DEBUG_INFORMATION_FORMAT = "dwarf-with-dsym";
				ENABLE_NS_ASSERTIONS = NO;
				ENABLE_STRICT_OBJC_MSGSEND = YES;
				GCC_C_LANGUAGE_STANDARD = gnu99;
				GCC_NO_COMMON_BLOCKS = YES;
				GCC_WARN_64_TO_32_BIT_CONVERSION = YES;
				GCC_WARN_ABOUT_RETURN_TYPE = YES_ERROR;
				GCC_WARN_UNDECLARED_SELECTOR = YES;
				GCC_WARN_UNINITIALIZED_AUTOS = YES_AGGRESSIVE;
				GCC_WARN_UNUSED_FUNCTION = YES;
				GCC_WARN_UNUSED_VARIABLE = YES;
				MACOSX_DEPLOYMENT_TARGET = 10.11;
				MTL_ENABLE_DEBUG_INFO = NO;
				SDKROOT = macosx;
			};
			name = Release;
		};
		399779731D522EFE006249C4 /* Debug */ = {
			isa = XCBuildConfiguration;
			buildSettings = {
				ASSETCATALOG_COMPILER_APPICON_NAME = AppIcon;
				COMBINE_HIDPI_IMAGES = YES;
				INFOPLIST_FILE = RanchForecast/Info.plist;
				LD_RUNPATH_SEARCH_PATHS = "$(inherited) @executable_path/../Frameworks";
				PRODUCT_BUNDLE_IDENTIFIER = com.edwardloveall.RanchForecast;
				PRODUCT_NAME = "$(TARGET_NAME)";
			};
			name = Debug;
		};
		399779741D522EFE006249C4 /* Release */ = {
			isa = XCBuildConfiguration;
			buildSettings = {
				ASSETCATALOG_COMPILER_APPICON_NAME = AppIcon;
				COMBINE_HIDPI_IMAGES = YES;
				INFOPLIST_FILE = RanchForecast/Info.plist;
				LD_RUNPATH_SEARCH_PATHS = "$(inherited) @executable_path/../Frameworks";
				PRODUCT_BUNDLE_IDENTIFIER = com.edwardloveall.RanchForecast;
				PRODUCT_NAME = "$(TARGET_NAME)";
			};
			name = Release;
		};
/* End XCBuildConfiguration section */

/* Begin XCConfigurationList section */
		399779601D522EFE006249C4 /* Build configuration list for PBXProject "RanchForecast" */ = {
			isa = XCConfigurationList;
			buildConfigurations = (
				399779701D522EFE006249C4 /* Debug */,
				399779711D522EFE006249C4 /* Release */,
			);
			defaultConfigurationIsVisible = 0;
			defaultConfigurationName = Release;
		};
		399779721D522EFE006249C4 /* Build configuration list for PBXNativeTarget "RanchForecast" */ = {
			isa = XCConfigurationList;
			buildConfigurations = (
				399779731D522EFE006249C4 /* Debug */,
				399779741D522EFE006249C4 /* Release */,
			);
			defaultConfigurationIsVisible = 0;
		};
/* End XCConfigurationList section */
	};
	rootObject = 3997795D1D522EFE006249C4 /* Project object */;
}
