// !$*UTF8*$!
{
	archiveVersion = 1;
	classes = {
	};
	objectVersion = 46;
	objects = {

/* Begin PBXBuildFile section */
		390F40E11D902F50009E31DC /* AppDelegate.swift in Sources */ = {isa = PBXBuildFile; fileRef = 390F40E01D902F50009E31DC /* AppDelegate.swift */; };
		390F40E31D902F50009E31DC /* Document.swift in Sources */ = {isa = PBXBuildFile; fileRef = 390F40E21D902F50009E31DC /* Document.swift */; };
		390F40E61D902F50009E31DC /* Document.xib in Resources */ = {isa = PBXBuildFile; fileRef = 390F40E41D902F50009E31DC /* Document.xib */; };
		390F40E81D902F50009E31DC /* Assets.xcassets in Resources */ = {isa = PBXBuildFile; fileRef = 390F40E71D902F50009E31DC /* Assets.xcassets */; };
		390F40EB1D902F50009E31DC /* MainMenu.xib in Resources */ = {isa = PBXBuildFile; fileRef = 390F40E91D902F50009E31DC /* MainMenu.xib */; };
/* End PBXBuildFile section */

/* Begin PBXFileReference section */
		390F40DD1D902F50009E31DC /* ZIPspector.app */ = {isa = PBXFileReference; explicitFileType = wrapper.application; includeInIndex = 0; path = ZIPspector.app; sourceTree = BUILT_PRODUCTS_DIR; };
		390F40E01D902F50009E31DC /* AppDelegate.swift */ = {isa = PBXFileReference; lastKnownFileType = sourcecode.swift; path = AppDelegate.swift; sourceTree = "<group>"; };
		390F40E21D902F50009E31DC /* Document.swift */ = {isa = PBXFileReference; lastKnownFileType = sourcecode.swift; path = Document.swift; sourceTree = "<group>"; };
		390F40E51D902F50009E31DC /* Base */ = {isa = PBXFileReference; lastKnownFileType = file.xib; name = Base; path = Base.lproj/Document.xib; sourceTree = "<group>"; };
		390F40E71D902F50009E31DC /* Assets.xcassets */ = {isa = PBXFileReference; lastKnownFileType = folder.assetcatalog; path = Assets.xcassets; sourceTree = "<group>"; };
		390F40EA1D902F50009E31DC /* Base */ = {isa = PBXFileReference; lastKnownFileType = file.xib; name = Base; path = Base.lproj/MainMenu.xib; sourceTree = "<group>"; };
		390F40EC1D902F50009E31DC /* Info.plist */ = {isa = PBXFileReference; lastKnownFileType = text.plist.xml; path = Info.plist; sourceTree = "<group>"; };
/* End PBXFileReference section */

/* Begin PBXFrameworksBuildPhase section */
		390F40DA1D902F50009E31DC /* Frameworks */ = {
			isa = PBXFrameworksBuildPhase;
			buildActionMask = 2147483647;
			files = (
			);
			runOnlyForDeploymentPostprocessing = 0;
		};
/* End PBXFrameworksBuildPhase section */

/* Begin PBXGroup section */
		390F40D41D902F50009E31DC = {
			isa = PBXGroup;
			children = (
				390F40DF1D902F50009E31DC /* ZIPspector */,
				390F40DE1D902F50009E31DC /* Products */,
			);
			sourceTree = "<group>";
		};
		390F40DE1D902F50009E31DC /* Products */ = {
			isa = PBXGroup;
			children = (
				390F40DD1D902F50009E31DC /* ZIPspector.app */,
			);
			name = Products;
			sourceTree = "<group>";
		};
		390F40DF1D902F50009E31DC /* ZIPspector */ = {
			isa = PBXGroup;
			children = (
				390F40E01D902F50009E31DC /* AppDelegate.swift */,
				390F40E21D902F50009E31DC /* Document.swift */,
				390F40E41D902F50009E31DC /* Document.xib */,
				390F40E71D902F50009E31DC /* Assets.xcassets */,
				390F40E91D902F50009E31DC /* MainMenu.xib */,
				390F40EC1D902F50009E31DC /* Info.plist */,
			);
			path = ZIPspector;
			sourceTree = "<group>";
		};
/* End PBXGroup section */

/* Begin PBXNativeTarget section */
		390F40DC1D902F50009E31DC /* ZIPspector */ = {
			isa = PBXNativeTarget;
			buildConfigurationList = 390F40EF1D902F50009E31DC /* Build configuration list for PBXNativeTarget "ZIPspector" */;
			buildPhases = (
				390F40D91D902F50009E31DC /* Sources */,
				390F40DA1D902F50009E31DC /* Frameworks */,
				390F40DB1D902F50009E31DC /* Resources */,
			);
			buildRules = (
			);
			dependencies = (
			);
			name = ZIPspector;
			productName = ZIPspector;
			productReference = 390F40DD1D902F50009E31DC /* ZIPspector.app */;
			productType = "com.apple.product-type.application";
		};
/* End PBXNativeTarget section */

/* Begin PBXProject section */
		390F40D51D902F50009E31DC /* Project object */ = {
			isa = PBXProject;
			attributes = {
				LastSwiftUpdateCheck = 0800;
				LastUpgradeCheck = 0800;
				ORGANIZATIONNAME = "Edward Loveall";
				TargetAttributes = {
					390F40DC1D902F50009E31DC = {
						CreatedOnToolsVersion = 8.0;
						ProvisioningStyle = Automatic;
					};
				};
			};
			buildConfigurationList = 390F40D81D902F50009E31DC /* Build configuration list for PBXProject "ZIPspector" */;
			compatibilityVersion = "Xcode 3.2";
			developmentRegion = English;
			hasScannedForEncodings = 0;
			knownRegions = (
				en,
				Base,
			);
			mainGroup = 390F40D41D902F50009E31DC;
			productRefGroup = 390F40DE1D902F50009E31DC /* Products */;
			projectDirPath = "";
			projectRoot = "";
			targets = (
				390F40DC1D902F50009E31DC /* ZIPspector */,
			);
		};
/* End PBXProject section */

/* Begin PBXResourcesBuildPhase section */
		390F40DB1D902F50009E31DC /* Resources */ = {
			isa = PBXResourcesBuildPhase;
			buildActionMask = 2147483647;
			files = (
				390F40E81D902F50009E31DC /* Assets.xcassets in Resources */,
				390F40E61D902F50009E31DC /* Document.xib in Resources */,
				390F40EB1D902F50009E31DC /* MainMenu.xib in Resources */,
			);
			runOnlyForDeploymentPostprocessing = 0;
		};
/* End PBXResourcesBuildPhase section */

/* Begin PBXSourcesBuildPhase section */
		390F40D91D902F50009E31DC /* Sources */ = {
			isa = PBXSourcesBuildPhase;
			buildActionMask = 2147483647;
			files = (
				390F40E31D902F50009E31DC /* Document.swift in Sources */,
				390F40E11D902F50009E31DC /* AppDelegate.swift in Sources */,
			);
			runOnlyForDeploymentPostprocessing = 0;
		};
/* End PBXSourcesBuildPhase section */

/* Begin PBXVariantGroup section */
		390F40E41D902F50009E31DC /* Document.xib */ = {
			isa = PBXVariantGroup;
			children = (
				390F40E51D902F50009E31DC /* Base */,
			);
			name = Document.xib;
			sourceTree = "<group>";
		};
		390F40E91D902F50009E31DC /* MainMenu.xib */ = {
			isa = PBXVariantGroup;
			children = (
				390F40EA1D902F50009E31DC /* Base */,
			);
			name = MainMenu.xib;
			sourceTree = "<group>";
		};
/* End PBXVariantGroup section */

/* Begin XCBuildConfiguration section */
		390F40ED1D902F50009E31DC /* Debug */ = {
			isa = XCBuildConfiguration;
			buildSettings = {
				ALWAYS_SEARCH_USER_PATHS = NO;
				CLANG_ANALYZER_NONNULL = YES;
				CLANG_CXX_LANGUAGE_STANDARD = "gnu++0x";
				CLANG_CXX_LIBRARY = "libc++";
				CLANG_ENABLE_MODULES = YES;
				CLANG_ENABLE_OBJC_ARC = YES;
				CLANG_WARN_BOOL_CONVERSION = YES;
				CLANG_WARN_CONSTANT_CONVERSION = YES;
				CLANG_WARN_DIRECT_OBJC_ISA_USAGE = YES_ERROR;
				CLANG_WARN_DOCUMENTATION_COMMENTS = YES;
				CLANG_WARN_EMPTY_BODY = YES;
				CLANG_WARN_ENUM_CONVERSION = YES;
				CLANG_WARN_INFINITE_RECURSION = YES;
				CLANG_WARN_INT_CONVERSION = YES;
				CLANG_WARN_OBJC_ROOT_CLASS = YES_ERROR;
				CLANG_WARN_SUSPICIOUS_MOVES = YES;
				CLANG_WARN_UNREACHABLE_CODE = YES;
				CLANG_WARN__DUPLICATE_METHOD_MATCH = YES;
				CODE_SIGN_IDENTITY = "-";
				COPY_PHASE_STRIP = NO;
				DEBUG_INFORMATION_FORMAT = dwarf;
				ENABLE_STRICT_OBJC_MSGSEND = YES;
				ENABLE_TESTABILITY = YES;
				GCC_C_LANGUAGE_STANDARD = gnu99;
				GCC_DYNAMIC_NO_PIC = NO;
				GCC_NO_COMMON_BLOCKS = YES;
				GCC_OPTIMIZATION_LEVEL = 0;
				GCC_PREPROCESSOR_DEFINITIONS = (
					"DEBUG=1",
					"$(inherited)",
				);
				GCC_WARN_64_TO_32_BIT_CONVERSION = YES;
				GCC_WARN_ABOUT_RETURN_TYPE = YES_ERROR;
				GCC_WARN_UNDECLARED_SELECTOR = YES;
				GCC_WARN_UNINITIALIZED_AUTOS = YES_AGGRESSIVE;
				GCC_WARN_UNUSED_FUNCTION = YES;
				GCC_WARN_UNUSED_VARIABLE = YES;
				MACOSX_DEPLOYMENT_TARGET = 10.11;
				MTL_ENABLE_DEBUG_INFO = YES;
				ONLY_ACTIVE_ARCH = YES;
				SDKROOT = macosx;
				SWIFT_ACTIVE_COMPILATION_CONDITIONS = DEBUG;
				SWIFT_OPTIMIZATION_LEVEL = "-Onone";
			};
			name = Debug;
		};
		390F40EE1D902F50009E31DC /* Release */ = {
			isa = XCBuildConfiguration;
			buildSettings = {
				ALWAYS_SEARCH_USER_PATHS = NO;
				CLANG_ANALYZER_NONNULL = YES;
				CLANG_CXX_LANGUAGE_STANDARD = "gnu++0x";
				CLANG_CXX_LIBRARY = "libc++";
				CLANG_ENABLE_MODULES = YES;
				CLANG_ENABLE_OBJC_ARC = YES;
				CLANG_WARN_BOOL_CONVERSION = YES;
				CLANG_WARN_CONSTANT_CONVERSION = YES;
				CLANG_WARN_DIRECT_OBJC_ISA_USAGE = YES_ERROR;
				CLANG_WARN_DOCUMENTATION_COMMENTS = YES;
				CLANG_WARN_EMPTY_BODY = YES;
				CLANG_WARN_ENUM_CONVERSION = YES;
				CLANG_WARN_INFINITE_RECURSION = YES;
				CLANG_WARN_INT_CONVERSION = YES;
				CLANG_WARN_OBJC_ROOT_CLASS = YES_ERROR;
				CLANG_WARN_SUSPICIOUS_MOVES = YES;
				CLANG_WARN_UNREACHABLE_CODE = YES;
				CLANG_WARN__DUPLICATE_METHOD_MATCH = YES;
				CODE_SIGN_IDENTITY = "-";
				COPY_PHASE_STRIP = NO;
				DEBUG_INFORMATION_FORMAT = "dwarf-with-dsym";
				ENABLE_NS_ASSERTIONS = NO;
				ENABLE_STRICT_OBJC_MSGSEND = YES;
				GCC_C_LANGUAGE_STANDARD = gnu99;
				GCC_NO_COMMON_BLOCKS = YES;
				GCC_WARN_64_TO_32_BIT_CONVERSION = YES;
				GCC_WARN_ABOUT_RETURN_TYPE = YES_ERROR;
				GCC_WARN_UNDECLARED_SELECTOR = YES;
				GCC_WARN_UNINITIALIZED_AUTOS = YES_AGGRESSIVE;
				GCC_WARN_UNUSED_FUNCTION = YES;
				GCC_WARN_UNUSED_VARIABLE = YES;
				MACOSX_DEPLOYMENT_TARGET = 10.11;
				MTL_ENABLE_DEBUG_INFO = NO;
				SDKROOT = macosx;
				SWIFT_OPTIMIZATION_LEVEL = "-Owholemodule";
			};
			name = Release;
		};
		390F40F01D902F50009E31DC /* Debug */ = {
			isa = XCBuildConfiguration;
			buildSettings = {
				ASSETCATALOG_COMPILER_APPICON_NAME = AppIcon;
				COMBINE_HIDPI_IMAGES = YES;
				INFOPLIST_FILE = ZIPspector/Info.plist;
				LD_RUNPATH_SEARCH_PATHS = "$(inherited) @executable_path/../Frameworks";
				PRODUCT_BUNDLE_IDENTIFIER = com.edwardloveall.ZIPspector;
				PRODUCT_NAME = "$(TARGET_NAME)";
				SWIFT_VERSION = 3.0;
			};
			name = Debug;
		};
		390F40F11D902F50009E31DC /* Release */ = {
			isa = XCBuildConfiguration;
			buildSettings = {
				ASSETCATALOG_COMPILER_APPICON_NAME = AppIcon;
				COMBINE_HIDPI_IMAGES = YES;
				INFOPLIST_FILE = ZIPspector/Info.plist;
				LD_RUNPATH_SEARCH_PATHS = "$(inherited) @executable_path/../Frameworks";
				PRODUCT_BUNDLE_IDENTIFIER = com.edwardloveall.ZIPspector;
				PRODUCT_NAME = "$(TARGET_NAME)";
				SWIFT_VERSION = 3.0;
			};
			name = Release;
		};
/* End XCBuildConfiguration section */

/* Begin XCConfigurationList section */
		390F40D81D902F50009E31DC /* Build configuration list for PBXProject "ZIPspector" */ = {
			isa = XCConfigurationList;
			buildConfigurations = (
				390F40ED1D902F50009E31DC /* Debug */,
				390F40EE1D902F50009E31DC /* Release */,
			);
			defaultConfigurationIsVisible = 0;
			defaultConfigurationName = Release;
		};
		390F40EF1D902F50009E31DC /* Build configuration list for PBXNativeTarget "ZIPspector" */ = {
			isa = XCConfigurationList;
			buildConfigurations = (
				390F40F01D902F50009E31DC /* Debug */,
				390F40F11D902F50009E31DC /* Release */,
			);
			defaultConfigurationIsVisible = 0;
			defaultConfigurationName = Release;
		};
/* End XCConfigurationList section */
	};
	rootObject = 390F40D51D902F50009E31DC /* Project object */;
}
