// !$*UTF8*$!
{
	archiveVersion = 1;
	classes = {
	};
	objectVersion = 46;
	objects = {

/* Begin PBXBuildFile section */
		39303A881C64E9B40059D3A2 /* AppDelegate.swift in Sources */ = {isa = PBXBuildFile; fileRef = 39303A871C64E9B40059D3A2 /* AppDelegate.swift */; };
		39303A8A1C64E9B40059D3A2 /* Assets.xcassets in Resources */ = {isa = PBXBuildFile; fileRef = 39303A891C64E9B40059D3A2 /* Assets.xcassets */; };
		39303A8D1C64E9B40059D3A2 /* MainMenu.xib in Resources */ = {isa = PBXBuildFile; fileRef = 39303A8B1C64E9B40059D3A2 /* MainMenu.xib */; };
		39303A951C64EA630059D3A2 /* MainWindowController.xib in Resources */ = {isa = PBXBuildFile; fileRef = 39303A941C64EA630059D3A2 /* MainWindowController.xib */; };
		39303A971C64EA710059D3A2 /* MainWindowController.swift in Sources */ = {isa = PBXBuildFile; fileRef = 39303A961C64EA710059D3A2 /* MainWindowController.swift */; };
/* End PBXBuildFile section */

/* Begin PBXFileReference section */
		39303A841C64E9B40059D3A2 /* BusyBoard.app */ = {isa = PBXFileReference; explicitFileType = wrapper.application; includeInIndex = 0; path = BusyBoard.app; sourceTree = BUILT_PRODUCTS_DIR; };
		39303A871C64E9B40059D3A2 /* AppDelegate.swift */ = {isa = PBXFileReference; lastKnownFileType = sourcecode.swift; path = AppDelegate.swift; sourceTree = "<group>"; };
		39303A891C64E9B40059D3A2 /* Assets.xcassets */ = {isa = PBXFileReference; lastKnownFileType = folder.assetcatalog; path = Assets.xcassets; sourceTree = "<group>"; };
		39303A8C1C64E9B40059D3A2 /* Base */ = {isa = PBXFileReference; lastKnownFileType = file.xib; name = Base; path = Base.lproj/MainMenu.xib; sourceTree = "<group>"; };
		39303A8E1C64E9B40059D3A2 /* Info.plist */ = {isa = PBXFileReference; lastKnownFileType = text.plist.xml; path = Info.plist; sourceTree = "<group>"; };
		39303A941C64EA630059D3A2 /* MainWindowController.xib */ = {isa = PBXFileReference; fileEncoding = 4; lastKnownFileType = file.xib; name = MainWindowController.xib; path = ../MainWindowController.xib; sourceTree = "<group>"; };
		39303A961C64EA710059D3A2 /* MainWindowController.swift */ = {isa = PBXFileReference; fileEncoding = 4; lastKnownFileType = sourcecode.swift; name = MainWindowController.swift; path = ../MainWindowController.swift; sourceTree = "<group>"; };
/* End PBXFileReference section */

/* Begin PBXFrameworksBuildPhase section */
		39303A811C64E9B40059D3A2 /* Frameworks */ = {
			isa = PBXFrameworksBuildPhase;
			buildActionMask = 2147483647;
			files = (
			);
			runOnlyForDeploymentPostprocessing = 0;
		};
/* End PBXFrameworksBuildPhase section */

/* Begin PBXGroup section */
		39303A7B1C64E9B40059D3A2 = {
			isa = PBXGroup;
			children = (
				39303A861C64E9B40059D3A2 /* BusyBoard */,
				39303A851C64E9B40059D3A2 /* Products */,
			);
			sourceTree = "<group>";
		};
		39303A851C64E9B40059D3A2 /* Products */ = {
			isa = PBXGroup;
			children = (
				39303A841C64E9B40059D3A2 /* BusyBoard.app */,
			);
			name = Products;
			sourceTree = "<group>";
		};
		39303A861C64E9B40059D3A2 /* BusyBoard */ = {
			isa = PBXGroup;
			children = (
				39303A871C64E9B40059D3A2 /* AppDelegate.swift */,
				39303A891C64E9B40059D3A2 /* Assets.xcassets */,
				39303A8B1C64E9B40059D3A2 /* MainMenu.xib */,
				39303A8E1C64E9B40059D3A2 /* Info.plist */,
				39303A961C64EA710059D3A2 /* MainWindowController.swift */,
				39303A941C64EA630059D3A2 /* MainWindowController.xib */,
			);
			path = BusyBoard;
			sourceTree = "<group>";
		};
/* End PBXGroup section */

/* Begin PBXNativeTarget section */
		39303A831C64E9B40059D3A2 /* BusyBoard */ = {
			isa = PBXNativeTarget;
			buildConfigurationList = 39303A911C64E9B40059D3A2 /* Build configuration list for PBXNativeTarget "BusyBoard" */;
			buildPhases = (
				39303A801C64E9B40059D3A2 /* Sources */,
				39303A811C64E9B40059D3A2 /* Frameworks */,
				39303A821C64E9B40059D3A2 /* Resources */,
			);
			buildRules = (
			);
			dependencies = (
			);
			name = BusyBoard;
			productName = BusyBoard;
			productReference = 39303A841C64E9B40059D3A2 /* BusyBoard.app */;
			productType = "com.apple.product-type.application";
		};
/* End PBXNativeTarget section */

/* Begin PBXProject section */
		39303A7C1C64E9B40059D3A2 /* Project object */ = {
			isa = PBXProject;
			attributes = {
				LastSwiftUpdateCheck = 0720;
				LastUpgradeCheck = 0720;
				ORGANIZATIONNAME = "Edward Loveall";
				TargetAttributes = {
					39303A831C64E9B40059D3A2 = {
						CreatedOnToolsVersion = 7.2.1;
					};
				};
			};
			buildConfigurationList = 39303A7F1C64E9B40059D3A2 /* Build configuration list for PBXProject "BusyBoard" */;
			compatibilityVersion = "Xcode 3.2";
			developmentRegion = English;
			hasScannedForEncodings = 0;
			knownRegions = (
				en,
				Base,
			);
			mainGroup = 39303A7B1C64E9B40059D3A2;
			productRefGroup = 39303A851C64E9B40059D3A2 /* Products */;
			projectDirPath = "";
			projectRoot = "";
			targets = (
				39303A831C64E9B40059D3A2 /* BusyBoard */,
			);
		};
/* End PBXProject section */

/* Begin PBXResourcesBuildPhase section */
		39303A821C64E9B40059D3A2 /* Resources */ = {
			isa = PBXResourcesBuildPhase;
			buildActionMask = 2147483647;
			files = (
				39303A8A1C64E9B40059D3A2 /* Assets.xcassets in Resources */,
				39303A951C64EA630059D3A2 /* MainWindowController.xib in Resources */,
				39303A8D1C64E9B40059D3A2 /* MainMenu.xib in Resources */,
			);
			runOnlyForDeploymentPostprocessing = 0;
		};
/* End PBXResourcesBuildPhase section */

/* Begin PBXSourcesBuildPhase section */
		39303A801C64E9B40059D3A2 /* Sources */ = {
			isa = PBXSourcesBuildPhase;
			buildActionMask = 2147483647;
			files = (
				39303A971C64EA710059D3A2 /* MainWindowController.swift in Sources */,
				39303A881C64E9B40059D3A2 /* AppDelegate.swift in Sources */,
			);
			runOnlyForDeploymentPostprocessing = 0;
		};
/* End PBXSourcesBuildPhase section */

/* Begin PBXVariantGroup section */
		39303A8B1C64E9B40059D3A2 /* MainMenu.xib */ = {
			isa = PBXVariantGroup;
			children = (
				39303A8C1C64E9B40059D3A2 /* Base */,
			);
			name = MainMenu.xib;
			sourceTree = "<group>";
		};
/* End PBXVariantGroup section */

/* Begin XCBuildConfiguration section */
		39303A8F1C64E9B40059D3A2 /* Debug */ = {
			isa = XCBuildConfiguration;
			buildSettings = {
				ALWAYS_SEARCH_USER_PATHS = NO;
				CLANG_CXX_LANGUAGE_STANDARD = "gnu++0x";
				CLANG_CXX_LIBRARY = "libc++";
				CLANG_ENABLE_MODULES = YES;
				CLANG_ENABLE_OBJC_ARC = YES;
				CLANG_WARN_BOOL_CONVERSION = YES;
				CLANG_WARN_CONSTANT_CONVERSION = YES;
				CLANG_WARN_DIRECT_OBJC_ISA_USAGE = YES_ERROR;
				CLANG_WARN_EMPTY_BODY = YES;
				CLANG_WARN_ENUM_CONVERSION = YES;
				CLANG_WARN_INT_CONVERSION = YES;
				CLANG_WARN_OBJC_ROOT_CLASS = YES_ERROR;
				CLANG_WARN_UNREACHABLE_CODE = YES;
				CLANG_WARN__DUPLICATE_METHOD_MATCH = YES;
				CODE_SIGN_IDENTITY = "-";
				COPY_PHASE_STRIP = NO;
				DEBUG_INFORMATION_FORMAT = dwarf;
				ENABLE_STRICT_OBJC_MSGSEND = YES;
				ENABLE_TESTABILITY = YES;
				GCC_C_LANGUAGE_STANDARD = gnu99;
				GCC_DYNAMIC_NO_PIC = NO;
				GCC_NO_COMMON_BLOCKS = YES;
				GCC_OPTIMIZATION_LEVEL = 0;
				GCC_PREPROCESSOR_DEFINITIONS = (
					"DEBUG=1",
					"$(inherited)",
				);
				GCC_WARN_64_TO_32_BIT_CONVERSION = YES;
				GCC_WARN_ABOUT_RETURN_TYPE = YES_ERROR;
				GCC_WARN_UNDECLARED_SELECTOR = YES;
				GCC_WARN_UNINITIALIZED_AUTOS = YES_AGGRESSIVE;
				GCC_WARN_UNUSED_FUNCTION = YES;
				GCC_WARN_UNUSED_VARIABLE = YES;
				MACOSX_DEPLOYMENT_TARGET = 10.11;
				MTL_ENABLE_DEBUG_INFO = YES;
				ONLY_ACTIVE_ARCH = YES;
				SDKROOT = macosx;
				SWIFT_OPTIMIZATION_LEVEL = "-Onone";
			};
			name = Debug;
		};
		39303A901C64E9B40059D3A2 /* Release */ = {
			isa = XCBuildConfiguration;
			buildSettings = {
				ALWAYS_SEARCH_USER_PATHS = NO;
				CLANG_CXX_LANGUAGE_STANDARD = "gnu++0x";
				CLANG_CXX_LIBRARY = "libc++";
				CLANG_ENABLE_MODULES = YES;
				CLANG_ENABLE_OBJC_ARC = YES;
				CLANG_WARN_BOOL_CONVERSION = YES;
				CLANG_WARN_CONSTANT_CONVERSION = YES;
				CLANG_WARN_DIRECT_OBJC_ISA_USAGE = YES_ERROR;
				CLANG_WARN_EMPTY_BODY = YES;
				CLANG_WARN_ENUM_CONVERSION = YES;
				CLANG_WARN_INT_CONVERSION = YES;
				CLANG_WARN_OBJC_ROOT_CLASS = YES_ERROR;
				CLANG_WARN_UNREACHABLE_CODE = YES;
				CLANG_WARN__DUPLICATE_METHOD_MATCH = YES;
				CODE_SIGN_IDENTITY = "-";
				COPY_PHASE_STRIP = NO;
				DEBUG_INFORMATION_FORMAT = "dwarf-with-dsym";
				ENABLE_NS_ASSERTIONS = NO;
				ENABLE_STRICT_OBJC_MSGSEND = YES;
				GCC_C_LANGUAGE_STANDARD = gnu99;
				GCC_NO_COMMON_BLOCKS = YES;
				GCC_WARN_64_TO_32_BIT_CONVERSION = YES;
				GCC_WARN_ABOUT_RETURN_TYPE = YES_ERROR;
				GCC_WARN_UNDECLARED_SELECTOR = YES;
				GCC_WARN_UNINITIALIZED_AUTOS = YES_AGGRESSIVE;
				GCC_WARN_UNUSED_FUNCTION = YES;
				GCC_WARN_UNUSED_VARIABLE = YES;
				MACOSX_DEPLOYMENT_TARGET = 10.11;
				MTL_ENABLE_DEBUG_INFO = NO;
				SDKROOT = macosx;
			};
			name = Release;
		};
		39303A921C64E9B40059D3A2 /* Debug */ = {
			isa = XCBuildConfiguration;
			buildSettings = {
				ASSETCATALOG_COMPILER_APPICON_NAME = AppIcon;
				COMBINE_HIDPI_IMAGES = YES;
				INFOPLIST_FILE = BusyBoard/Info.plist;
				LD_RUNPATH_SEARCH_PATHS = "$(inherited) @executable_path/../Frameworks";
				PRODUCT_BUNDLE_IDENTIFIER = com.edwardloveall.BusyBoard;
				PRODUCT_NAME = "$(TARGET_NAME)";
			};
			name = Debug;
		};
		39303A931C64E9B40059D3A2 /* Release */ = {
			isa = XCBuildConfiguration;
			buildSettings = {
				ASSETCATALOG_COMPILER_APPICON_NAME = AppIcon;
				COMBINE_HIDPI_IMAGES = YES;
				INFOPLIST_FILE = BusyBoard/Info.plist;
				LD_RUNPATH_SEARCH_PATHS = "$(inherited) @executable_path/../Frameworks";
				PRODUCT_BUNDLE_IDENTIFIER = com.edwardloveall.BusyBoard;
				PRODUCT_NAME = "$(TARGET_NAME)";
			};
			name = Release;
		};
/* End XCBuildConfiguration section */

/* Begin XCConfigurationList section */
		39303A7F1C64E9B40059D3A2 /* Build configuration list for PBXProject "BusyBoard" */ = {
			isa = XCConfigurationList;
			buildConfigurations = (
				39303A8F1C64E9B40059D3A2 /* Debug */,
				39303A901C64E9B40059D3A2 /* Release */,
			);
			defaultConfigurationIsVisible = 0;
			defaultConfigurationName = Release;
		};
		39303A911C64E9B40059D3A2 /* Build configuration list for PBXNativeTarget "BusyBoard" */ = {
			isa = XCConfigurationList;
			buildConfigurations = (
				39303A921C64E9B40059D3A2 /* Debug */,
				39303A931C64E9B40059D3A2 /* Release */,
			);
			defaultConfigurationIsVisible = 0;
		};
/* End XCConfigurationList section */
	};
	rootObject = 39303A7C1C64E9B40059D3A2 /* Project object */;
}
