// !$*UTF8*$!
{
	archiveVersion = 1;
	classes = {
	};
	objectVersion = 46;
	objects = {

/* Begin PBXBuildFile section */
		392E0BD81CE113650023D8FE /* AppDelegate.swift in Sources */ = {isa = PBXBuildFile; fileRef = 392E0BD71CE113650023D8FE /* AppDelegate.swift */; };
		392E0BDA1CE113650023D8FE /* Document.swift in Sources */ = {isa = PBXBuildFile; fileRef = 392E0BD91CE113650023D8FE /* Document.swift */; };
		392E0BDD1CE113650023D8FE /* Document.xib in Resources */ = {isa = PBXBuildFile; fileRef = 392E0BDB1CE113650023D8FE /* Document.xib */; };
		392E0BDF1CE113650023D8FE /* Assets.xcassets in Resources */ = {isa = PBXBuildFile; fileRef = 392E0BDE1CE113650023D8FE /* Assets.xcassets */; };
		392E0BE21CE113650023D8FE /* MainMenu.xib in Resources */ = {isa = PBXBuildFile; fileRef = 392E0BE01CE113650023D8FE /* MainMenu.xib */; };
		392E0BEA1CE113840023D8FE /* Oval.swift in Sources */ = {isa = PBXBuildFile; fileRef = 392E0BE91CE113840023D8FE /* Oval.swift */; };
		392E0BEC1CE11B540023D8FE /* CanvasView.swift in Sources */ = {isa = PBXBuildFile; fileRef = 392E0BEB1CE11B540023D8FE /* CanvasView.swift */; };
/* End PBXBuildFile section */

/* Begin PBXFileReference section */
		392E0BD41CE113650023D8FE /* DrawingApp.app */ = {isa = PBXFileReference; explicitFileType = wrapper.application; includeInIndex = 0; path = DrawingApp.app; sourceTree = BUILT_PRODUCTS_DIR; };
		392E0BD71CE113650023D8FE /* AppDelegate.swift */ = {isa = PBXFileReference; lastKnownFileType = sourcecode.swift; path = AppDelegate.swift; sourceTree = "<group>"; };
		392E0BD91CE113650023D8FE /* Document.swift */ = {isa = PBXFileReference; lastKnownFileType = sourcecode.swift; path = Document.swift; sourceTree = "<group>"; };
		392E0BDC1CE113650023D8FE /* Base */ = {isa = PBXFileReference; lastKnownFileType = file.xib; name = Base; path = Base.lproj/Document.xib; sourceTree = "<group>"; };
		392E0BDE1CE113650023D8FE /* Assets.xcassets */ = {isa = PBXFileReference; lastKnownFileType = folder.assetcatalog; path = Assets.xcassets; sourceTree = "<group>"; };
		392E0BE11CE113650023D8FE /* Base */ = {isa = PBXFileReference; lastKnownFileType = file.xib; name = Base; path = Base.lproj/MainMenu.xib; sourceTree = "<group>"; };
		392E0BE31CE113650023D8FE /* Info.plist */ = {isa = PBXFileReference; lastKnownFileType = text.plist.xml; path = Info.plist; sourceTree = "<group>"; };
		392E0BE91CE113840023D8FE /* Oval.swift */ = {isa = PBXFileReference; fileEncoding = 4; lastKnownFileType = sourcecode.swift; path = Oval.swift; sourceTree = "<group>"; };
		392E0BEB1CE11B540023D8FE /* CanvasView.swift */ = {isa = PBXFileReference; fileEncoding = 4; lastKnownFileType = sourcecode.swift; path = CanvasView.swift; sourceTree = "<group>"; };
/* End PBXFileReference section */

/* Begin PBXFrameworksBuildPhase section */
		392E0BD11CE113650023D8FE /* Frameworks */ = {
			isa = PBXFrameworksBuildPhase;
			buildActionMask = 2147483647;
			files = (
			);
			runOnlyForDeploymentPostprocessing = 0;
		};
/* End PBXFrameworksBuildPhase section */

/* Begin PBXGroup section */
		392E0BCB1CE113650023D8FE = {
			isa = PBXGroup;
			children = (
				392E0BD61CE113650023D8FE /* DrawingApp */,
				392E0BD51CE113650023D8FE /* Products */,
			);
			sourceTree = "<group>";
		};
		392E0BD51CE113650023D8FE /* Products */ = {
			isa = PBXGroup;
			children = (
				392E0BD41CE113650023D8FE /* DrawingApp.app */,
			);
			name = Products;
			sourceTree = "<group>";
		};
		392E0BD61CE113650023D8FE /* DrawingApp */ = {
			isa = PBXGroup;
			children = (
				392E0BD71CE113650023D8FE /* AppDelegate.swift */,
				392E0BE91CE113840023D8FE /* Oval.swift */,
				392E0BD91CE113650023D8FE /* Document.swift */,
				392E0BDB1CE113650023D8FE /* Document.xib */,
				392E0BEB1CE11B540023D8FE /* CanvasView.swift */,
				392E0BDE1CE113650023D8FE /* Assets.xcassets */,
				392E0BE01CE113650023D8FE /* MainMenu.xib */,
				392E0BE31CE113650023D8FE /* Info.plist */,
			);
			path = DrawingApp;
			sourceTree = "<group>";
		};
/* End PBXGroup section */

/* Begin PBXNativeTarget section */
		392E0BD31CE113650023D8FE /* DrawingApp */ = {
			isa = PBXNativeTarget;
			buildConfigurationList = 392E0BE61CE113650023D8FE /* Build configuration list for PBXNativeTarget "DrawingApp" */;
			buildPhases = (
				392E0BD01CE113650023D8FE /* Sources */,
				392E0BD11CE113650023D8FE /* Frameworks */,
				392E0BD21CE113650023D8FE /* Resources */,
			);
			buildRules = (
			);
			dependencies = (
			);
			name = DrawingApp;
			productName = DrawingApp;
			productReference = 392E0BD41CE113650023D8FE /* DrawingApp.app */;
			productType = "com.apple.product-type.application";
		};
/* End PBXNativeTarget section */

/* Begin PBXProject section */
		392E0BCC1CE113650023D8FE /* Project object */ = {
			isa = PBXProject;
			attributes = {
				LastSwiftUpdateCheck = 0730;
				LastUpgradeCheck = 0730;
				ORGANIZATIONNAME = "Edward Loveall";
				TargetAttributes = {
					392E0BD31CE113650023D8FE = {
						CreatedOnToolsVersion = 7.3;
					};
				};
			};
			buildConfigurationList = 392E0BCF1CE113650023D8FE /* Build configuration list for PBXProject "DrawingApp" */;
			compatibilityVersion = "Xcode 3.2";
			developmentRegion = English;
			hasScannedForEncodings = 0;
			knownRegions = (
				en,
				Base,
			);
			mainGroup = 392E0BCB1CE113650023D8FE;
			productRefGroup = 392E0BD51CE113650023D8FE /* Products */;
			projectDirPath = "";
			projectRoot = "";
			targets = (
				392E0BD31CE113650023D8FE /* DrawingApp */,
			);
		};
/* End PBXProject section */

/* Begin PBXResourcesBuildPhase section */
		392E0BD21CE113650023D8FE /* Resources */ = {
			isa = PBXResourcesBuildPhase;
			buildActionMask = 2147483647;
			files = (
				392E0BDF1CE113650023D8FE /* Assets.xcassets in Resources */,
				392E0BDD1CE113650023D8FE /* Document.xib in Resources */,
				392E0BE21CE113650023D8FE /* MainMenu.xib in Resources */,
			);
			runOnlyForDeploymentPostprocessing = 0;
		};
/* End PBXResourcesBuildPhase section */

/* Begin PBXSourcesBuildPhase section */
		392E0BD01CE113650023D8FE /* Sources */ = {
			isa = PBXSourcesBuildPhase;
			buildActionMask = 2147483647;
			files = (
				392E0BEA1CE113840023D8FE /* Oval.swift in Sources */,
				392E0BDA1CE113650023D8FE /* Document.swift in Sources */,
				392E0BEC1CE11B540023D8FE /* CanvasView.swift in Sources */,
				392E0BD81CE113650023D8FE /* AppDelegate.swift in Sources */,
			);
			runOnlyForDeploymentPostprocessing = 0;
		};
/* End PBXSourcesBuildPhase section */

/* Begin PBXVariantGroup section */
		392E0BDB1CE113650023D8FE /* Document.xib */ = {
			isa = PBXVariantGroup;
			children = (
				392E0BDC1CE113650023D8FE /* Base */,
			);
			name = Document.xib;
			sourceTree = "<group>";
		};
		392E0BE01CE113650023D8FE /* MainMenu.xib */ = {
			isa = PBXVariantGroup;
			children = (
				392E0BE11CE113650023D8FE /* Base */,
			);
			name = MainMenu.xib;
			sourceTree = "<group>";
		};
/* End PBXVariantGroup section */

/* Begin XCBuildConfiguration section */
		392E0BE41CE113650023D8FE /* Debug */ = {
			isa = XCBuildConfiguration;
			buildSettings = {
				ALWAYS_SEARCH_USER_PATHS = NO;
				CLANG_ANALYZER_NONNULL = YES;
				CLANG_CXX_LANGUAGE_STANDARD = "gnu++0x";
				CLANG_CXX_LIBRARY = "libc++";
				CLANG_ENABLE_MODULES = YES;
				CLANG_ENABLE_OBJC_ARC = YES;
				CLANG_WARN_BOOL_CONVERSION = YES;
				CLANG_WARN_CONSTANT_CONVERSION = YES;
				CLANG_WARN_DIRECT_OBJC_ISA_USAGE = YES_ERROR;
				CLANG_WARN_EMPTY_BODY = YES;
				CLANG_WARN_ENUM_CONVERSION = YES;
				CLANG_WARN_INT_CONVERSION = YES;
				CLANG_WARN_OBJC_ROOT_CLASS = YES_ERROR;
				CLANG_WARN_UNREACHABLE_CODE = YES;
				CLANG_WARN__DUPLICATE_METHOD_MATCH = YES;
				CODE_SIGN_IDENTITY = "-";
				COPY_PHASE_STRIP = NO;
				DEBUG_INFORMATION_FORMAT = dwarf;
				ENABLE_STRICT_OBJC_MSGSEND = YES;
				ENABLE_TESTABILITY = YES;
				GCC_C_LANGUAGE_STANDARD = gnu99;
				GCC_DYNAMIC_NO_PIC = NO;
				GCC_NO_COMMON_BLOCKS = YES;
				GCC_OPTIMIZATION_LEVEL = 0;
				GCC_PREPROCESSOR_DEFINITIONS = (
					"DEBUG=1",
					"$(inherited)",
				);
				GCC_WARN_64_TO_32_BIT_CONVERSION = YES;
				GCC_WARN_ABOUT_RETURN_TYPE = YES_ERROR;
				GCC_WARN_UNDECLARED_SELECTOR = YES;
				GCC_WARN_UNINITIALIZED_AUTOS = YES_AGGRESSIVE;
				GCC_WARN_UNUSED_FUNCTION = YES;
				GCC_WARN_UNUSED_VARIABLE = YES;
				MACOSX_DEPLOYMENT_TARGET = 10.11;
				MTL_ENABLE_DEBUG_INFO = YES;
				ONLY_ACTIVE_ARCH = YES;
				SDKROOT = macosx;
				SWIFT_OPTIMIZATION_LEVEL = "-Onone";
			};
			name = Debug;
		};
		392E0BE51CE113650023D8FE /* Release */ = {
			isa = XCBuildConfiguration;
			buildSettings = {
				ALWAYS_SEARCH_USER_PATHS = NO;
				CLANG_ANALYZER_NONNULL = YES;
				CLANG_CXX_LANGUAGE_STANDARD = "gnu++0x";
				CLANG_CXX_LIBRARY = "libc++";
				CLANG_ENABLE_MODULES = YES;
				CLANG_ENABLE_OBJC_ARC = YES;
				CLANG_WARN_BOOL_CONVERSION = YES;
				CLANG_WARN_CONSTANT_CONVERSION = YES;
				CLANG_WARN_DIRECT_OBJC_ISA_USAGE = YES_ERROR;
				CLANG_WARN_EMPTY_BODY = YES;
				CLANG_WARN_ENUM_CONVERSION = YES;
				CLANG_WARN_INT_CONVERSION = YES;
				CLANG_WARN_OBJC_ROOT_CLASS = YES_ERROR;
				CLANG_WARN_UNREACHABLE_CODE = YES;
				CLANG_WARN__DUPLICATE_METHOD_MATCH = YES;
				CODE_SIGN_IDENTITY = "-";
				COPY_PHASE_STRIP = NO;
				DEBUG_INFORMATION_FORMAT = "dwarf-with-dsym";
				ENABLE_NS_ASSERTIONS = NO;
				ENABLE_STRICT_OBJC_MSGSEND = YES;
				GCC_C_LANGUAGE_STANDARD = gnu99;
				GCC_NO_COMMON_BLOCKS = YES;
				GCC_WARN_64_TO_32_BIT_CONVERSION = YES;
				GCC_WARN_ABOUT_RETURN_TYPE = YES_ERROR;
				GCC_WARN_UNDECLARED_SELECTOR = YES;
				GCC_WARN_UNINITIALIZED_AUTOS = YES_AGGRESSIVE;
				GCC_WARN_UNUSED_FUNCTION = YES;
				GCC_WARN_UNUSED_VARIABLE = YES;
				MACOSX_DEPLOYMENT_TARGET = 10.11;
				MTL_ENABLE_DEBUG_INFO = NO;
				SDKROOT = macosx;
			};
			name = Release;
		};
		392E0BE71CE113650023D8FE /* Debug */ = {
			isa = XCBuildConfiguration;
			buildSettings = {
				ASSETCATALOG_COMPILER_APPICON_NAME = AppIcon;
				COMBINE_HIDPI_IMAGES = YES;
				INFOPLIST_FILE = DrawingApp/Info.plist;
				LD_RUNPATH_SEARCH_PATHS = "$(inherited) @executable_path/../Frameworks";
				PRODUCT_BUNDLE_IDENTIFIER = com.edwardloveall.DrawingApp;
				PRODUCT_NAME = "$(TARGET_NAME)";
			};
			name = Debug;
		};
		392E0BE81CE113650023D8FE /* Release */ = {
			isa = XCBuildConfiguration;
			buildSettings = {
				ASSETCATALOG_COMPILER_APPICON_NAME = AppIcon;
				COMBINE_HIDPI_IMAGES = YES;
				INFOPLIST_FILE = DrawingApp/Info.plist;
				LD_RUNPATH_SEARCH_PATHS = "$(inherited) @executable_path/../Frameworks";
				PRODUCT_BUNDLE_IDENTIFIER = com.edwardloveall.DrawingApp;
				PRODUCT_NAME = "$(TARGET_NAME)";
			};
			name = Release;
		};
/* End XCBuildConfiguration section */

/* Begin XCConfigurationList section */
		392E0BCF1CE113650023D8FE /* Build configuration list for PBXProject "DrawingApp" */ = {
			isa = XCConfigurationList;
			buildConfigurations = (
				392E0BE41CE113650023D8FE /* Debug */,
				392E0BE51CE113650023D8FE /* Release */,
			);
			defaultConfigurationIsVisible = 0;
			defaultConfigurationName = Release;
		};
		392E0BE61CE113650023D8FE /* Build configuration list for PBXNativeTarget "DrawingApp" */ = {
			isa = XCConfigurationList;
			buildConfigurations = (
				392E0BE71CE113650023D8FE /* Debug */,
				392E0BE81CE113650023D8FE /* Release */,
			);
			defaultConfigurationIsVisible = 0;
		};
/* End XCConfigurationList section */
	};
	rootObject = 392E0BCC1CE113650023D8FE /* Project object */;
}
