// !$*UTF8*$!
{
	archiveVersion = 1;
	classes = {
	};
	objectVersion = 46;
	objects = {

/* Begin PBXBuildFile section */
		390C2BDA1C0775D2009E6EC7 /* AppDelegate.swift in Sources */ = {isa = PBXBuildFile; fileRef = 390C2BD91C0775D2009E6EC7 /* AppDelegate.swift */; };
		390C2BDC1C0775D2009E6EC7 /* Assets.xcassets in Resources */ = {isa = PBXBuildFile; fileRef = 390C2BDB1C0775D2009E6EC7 /* Assets.xcassets */; };
		390C2BDF1C0775D2009E6EC7 /* MainMenu.xib in Resources */ = {isa = PBXBuildFile; fileRef = 390C2BDD1C0775D2009E6EC7 /* MainMenu.xib */; };
/* End PBXBuildFile section */

/* Begin PBXFileReference section */
		390C2BD61C0775D2009E6EC7 /* CharacterCounter.app */ = {isa = PBXFileReference; explicitFileType = wrapper.application; includeInIndex = 0; path = CharacterCounter.app; sourceTree = BUILT_PRODUCTS_DIR; };
		390C2BD91C0775D2009E6EC7 /* AppDelegate.swift */ = {isa = PBXFileReference; lastKnownFileType = sourcecode.swift; path = AppDelegate.swift; sourceTree = "<group>"; };
		390C2BDB1C0775D2009E6EC7 /* Assets.xcassets */ = {isa = PBXFileReference; lastKnownFileType = folder.assetcatalog; path = Assets.xcassets; sourceTree = "<group>"; };
		390C2BDE1C0775D2009E6EC7 /* Base */ = {isa = PBXFileReference; lastKnownFileType = file.xib; name = Base; path = Base.lproj/MainMenu.xib; sourceTree = "<group>"; };
		390C2BE01C0775D2009E6EC7 /* Info.plist */ = {isa = PBXFileReference; lastKnownFileType = text.plist.xml; path = Info.plist; sourceTree = "<group>"; };
/* End PBXFileReference section */

/* Begin PBXFrameworksBuildPhase section */
		390C2BD31C0775D2009E6EC7 /* Frameworks */ = {
			isa = PBXFrameworksBuildPhase;
			buildActionMask = 2147483647;
			files = (
			);
			runOnlyForDeploymentPostprocessing = 0;
		};
/* End PBXFrameworksBuildPhase section */

/* Begin PBXGroup section */
		390C2BCD1C0775D2009E6EC7 = {
			isa = PBXGroup;
			children = (
				390C2BD81C0775D2009E6EC7 /* CharacterCounter */,
				390C2BD71C0775D2009E6EC7 /* Products */,
			);
			sourceTree = "<group>";
		};
		390C2BD71C0775D2009E6EC7 /* Products */ = {
			isa = PBXGroup;
			children = (
				390C2BD61C0775D2009E6EC7 /* CharacterCounter.app */,
			);
			name = Products;
			sourceTree = "<group>";
		};
		390C2BD81C0775D2009E6EC7 /* CharacterCounter */ = {
			isa = PBXGroup;
			children = (
				390C2BD91C0775D2009E6EC7 /* AppDelegate.swift */,
				390C2BDB1C0775D2009E6EC7 /* Assets.xcassets */,
				390C2BDD1C0775D2009E6EC7 /* MainMenu.xib */,
				390C2BE01C0775D2009E6EC7 /* Info.plist */,
			);
			path = CharacterCounter;
			sourceTree = "<group>";
		};
/* End PBXGroup section */

/* Begin PBXNativeTarget section */
		390C2BD51C0775D2009E6EC7 /* CharacterCounter */ = {
			isa = PBXNativeTarget;
			buildConfigurationList = 390C2BE31C0775D2009E6EC7 /* Build configuration list for PBXNativeTarget "CharacterCounter" */;
			buildPhases = (
				390C2BD21C0775D2009E6EC7 /* Sources */,
				390C2BD31C0775D2009E6EC7 /* Frameworks */,
				390C2BD41C0775D2009E6EC7 /* Resources */,
			);
			buildRules = (
			);
			dependencies = (
			);
			name = CharacterCounter;
			productName = CharacterCounter;
			productReference = 390C2BD61C0775D2009E6EC7 /* CharacterCounter.app */;
			productType = "com.apple.product-type.application";
		};
/* End PBXNativeTarget section */

/* Begin PBXProject section */
		390C2BCE1C0775D2009E6EC7 /* Project object */ = {
			isa = PBXProject;
			attributes = {
				LastSwiftUpdateCheck = 0710;
				LastUpgradeCheck = 0710;
				ORGANIZATIONNAME = "Edward Loveall";
				TargetAttributes = {
					390C2BD51C0775D2009E6EC7 = {
						CreatedOnToolsVersion = 7.1.1;
					};
				};
			};
			buildConfigurationList = 390C2BD11C0775D2009E6EC7 /* Build configuration list for PBXProject "CharacterCounter" */;
			compatibilityVersion = "Xcode 3.2";
			developmentRegion = English;
			hasScannedForEncodings = 0;
			knownRegions = (
				en,
				Base,
			);
			mainGroup = 390C2BCD1C0775D2009E6EC7;
			productRefGroup = 390C2BD71C0775D2009E6EC7 /* Products */;
			projectDirPath = "";
			projectRoot = "";
			targets = (
				390C2BD51C0775D2009E6EC7 /* CharacterCounter */,
			);
		};
/* End PBXProject section */

/* Begin PBXResourcesBuildPhase section */
		390C2BD41C0775D2009E6EC7 /* Resources */ = {
			isa = PBXResourcesBuildPhase;
			buildActionMask = 2147483647;
			files = (
				390C2BDC1C0775D2009E6EC7 /* Assets.xcassets in Resources */,
				390C2BDF1C0775D2009E6EC7 /* MainMenu.xib in Resources */,
			);
			runOnlyForDeploymentPostprocessing = 0;
		};
/* End PBXResourcesBuildPhase section */

/* Begin PBXSourcesBuildPhase section */
		390C2BD21C0775D2009E6EC7 /* Sources */ = {
			isa = PBXSourcesBuildPhase;
			buildActionMask = 2147483647;
			files = (
				390C2BDA1C0775D2009E6EC7 /* AppDelegate.swift in Sources */,
			);
			runOnlyForDeploymentPostprocessing = 0;
		};
/* End PBXSourcesBuildPhase section */

/* Begin PBXVariantGroup section */
		390C2BDD1C0775D2009E6EC7 /* MainMenu.xib */ = {
			isa = PBXVariantGroup;
			children = (
				390C2BDE1C0775D2009E6EC7 /* Base */,
			);
			name = MainMenu.xib;
			sourceTree = "<group>";
		};
/* End PBXVariantGroup section */

/* Begin XCBuildConfiguration section */
		390C2BE11C0775D2009E6EC7 /* Debug */ = {
			isa = XCBuildConfiguration;
			buildSettings = {
				ALWAYS_SEARCH_USER_PATHS = NO;
				CLANG_CXX_LANGUAGE_STANDARD = "gnu++0x";
				CLANG_CXX_LIBRARY = "libc++";
				CLANG_ENABLE_MODULES = YES;
				CLANG_ENABLE_OBJC_ARC = YES;
				CLANG_WARN_BOOL_CONVERSION = YES;
				CLANG_WARN_CONSTANT_CONVERSION = YES;
				CLANG_WARN_DIRECT_OBJC_ISA_USAGE = YES_ERROR;
				CLANG_WARN_EMPTY_BODY = YES;
				CLANG_WARN_ENUM_CONVERSION = YES;
				CLANG_WARN_INT_CONVERSION = YES;
				CLANG_WARN_OBJC_ROOT_CLASS = YES_ERROR;
				CLANG_WARN_UNREACHABLE_CODE = YES;
				CLANG_WARN__DUPLICATE_METHOD_MATCH = YES;
				CODE_SIGN_IDENTITY = "-";
				COPY_PHASE_STRIP = NO;
				DEBUG_INFORMATION_FORMAT = dwarf;
				ENABLE_STRICT_OBJC_MSGSEND = YES;
				ENABLE_TESTABILITY = YES;
				GCC_C_LANGUAGE_STANDARD = gnu99;
				GCC_DYNAMIC_NO_PIC = NO;
				GCC_NO_COMMON_BLOCKS = YES;
				GCC_OPTIMIZATION_LEVEL = 0;
				GCC_PREPROCESSOR_DEFINITIONS = (
					"DEBUG=1",
					"$(inherited)",
				);
				GCC_WARN_64_TO_32_BIT_CONVERSION = YES;
				GCC_WARN_ABOUT_RETURN_TYPE = YES_ERROR;
				GCC_WARN_UNDECLARED_SELECTOR = YES;
				GCC_WARN_UNINITIALIZED_AUTOS = YES_AGGRESSIVE;
				GCC_WARN_UNUSED_FUNCTION = YES;
				GCC_WARN_UNUSED_VARIABLE = YES;
				MACOSX_DEPLOYMENT_TARGET = 10.11;
				MTL_ENABLE_DEBUG_INFO = YES;
				ONLY_ACTIVE_ARCH = YES;
				SDKROOT = macosx;
				SWIFT_OPTIMIZATION_LEVEL = "-Onone";
			};
			name = Debug;
		};
		390C2BE21C0775D2009E6EC7 /* Release */ = {
			isa = XCBuildConfiguration;
			buildSettings = {
				ALWAYS_SEARCH_USER_PATHS = NO;
				CLANG_CXX_LANGUAGE_STANDARD = "gnu++0x";
				CLANG_CXX_LIBRARY = "libc++";
				CLANG_ENABLE_MODULES = YES;
				CLANG_ENABLE_OBJC_ARC = YES;
				CLANG_WARN_BOOL_CONVERSION = YES;
				CLANG_WARN_CONSTANT_CONVERSION = YES;
				CLANG_WARN_DIRECT_OBJC_ISA_USAGE = YES_ERROR;
				CLANG_WARN_EMPTY_BODY = YES;
				CLANG_WARN_ENUM_CONVERSION = YES;
				CLANG_WARN_INT_CONVERSION = YES;
				CLANG_WARN_OBJC_ROOT_CLASS = YES_ERROR;
				CLANG_WARN_UNREACHABLE_CODE = YES;
				CLANG_WARN__DUPLICATE_METHOD_MATCH = YES;
				CODE_SIGN_IDENTITY = "-";
				COPY_PHASE_STRIP = NO;
				DEBUG_INFORMATION_FORMAT = "dwarf-with-dsym";
				ENABLE_NS_ASSERTIONS = NO;
				ENABLE_STRICT_OBJC_MSGSEND = YES;
				GCC_C_LANGUAGE_STANDARD = gnu99;
				GCC_NO_COMMON_BLOCKS = YES;
				GCC_WARN_64_TO_32_BIT_CONVERSION = YES;
				GCC_WARN_ABOUT_RETURN_TYPE = YES_ERROR;
				GCC_WARN_UNDECLARED_SELECTOR = YES;
				GCC_WARN_UNINITIALIZED_AUTOS = YES_AGGRESSIVE;
				GCC_WARN_UNUSED_FUNCTION = YES;
				GCC_WARN_UNUSED_VARIABLE = YES;
				MACOSX_DEPLOYMENT_TARGET = 10.11;
				MTL_ENABLE_DEBUG_INFO = NO;
				SDKROOT = macosx;
			};
			name = Release;
		};
		390C2BE41C0775D2009E6EC7 /* Debug */ = {
			isa = XCBuildConfiguration;
			buildSettings = {
				ASSETCATALOG_COMPILER_APPICON_NAME = AppIcon;
				COMBINE_HIDPI_IMAGES = YES;
				INFOPLIST_FILE = CharacterCounter/Info.plist;
				LD_RUNPATH_SEARCH_PATHS = "$(inherited) @executable_path/../Frameworks";
				PRODUCT_BUNDLE_IDENTIFIER = com.edwardloveall.CharacterCounter;
				PRODUCT_NAME = "$(TARGET_NAME)";
			};
			name = Debug;
		};
		390C2BE51C0775D2009E6EC7 /* Release */ = {
			isa = XCBuildConfiguration;
			buildSettings = {
				ASSETCATALOG_COMPILER_APPICON_NAME = AppIcon;
				COMBINE_HIDPI_IMAGES = YES;
				INFOPLIST_FILE = CharacterCounter/Info.plist;
				LD_RUNPATH_SEARCH_PATHS = "$(inherited) @executable_path/../Frameworks";
				PRODUCT_BUNDLE_IDENTIFIER = com.edwardloveall.CharacterCounter;
				PRODUCT_NAME = "$(TARGET_NAME)";
			};
			name = Release;
		};
/* End XCBuildConfiguration section */

/* Begin XCConfigurationList section */
		390C2BD11C0775D2009E6EC7 /* Build configuration list for PBXProject "CharacterCounter" */ = {
			isa = XCConfigurationList;
			buildConfigurations = (
				390C2BE11C0775D2009E6EC7 /* Debug */,
				390C2BE21C0775D2009E6EC7 /* Release */,
			);
			defaultConfigurationIsVisible = 0;
			defaultConfigurationName = Release;
		};
		390C2BE31C0775D2009E6EC7 /* Build configuration list for PBXNativeTarget "CharacterCounter" */ = {
			isa = XCConfigurationList;
			buildConfigurations = (
				390C2BE41C0775D2009E6EC7 /* Debug */,
				390C2BE51C0775D2009E6EC7 /* Release */,
			);
			defaultConfigurationIsVisible = 0;
		};
/* End XCConfigurationList section */
	};
	rootObject = 390C2BCE1C0775D2009E6EC7 /* Project object */;
}
